
Microsoft Visual Studio Solution File, Format Version 12.00
# Visual Studio 14
VisualStudioVersion = 14.0.24720.0
MinimumVisualStudioVersion = 10.0.40219.1
Project("{2150E333-8FDC-42A3-9474-1A3956D46DE8}") = "Domain Layer", "Domain Layer", "{D26D41B1-AA9C-4CAE-AF11-646C32B201E2}"
EndProject
Project("{2150E333-8FDC-42A3-9474-1A3956D46DE8}") = "Infatstructure Layer", "Infatstructure Layer", "{F00F171F-9D99-4509-B2E2-A52B43F92C27}"
EndProject
Project("{2150E333-8FDC-42A3-9474-1A3956D46DE8}") = "Site", "Site", "{5224C800-46DB-4366-BD1C-32B59DDB88E9}"
EndProject
Project("{2150E333-8FDC-42A3-9474-1A3956D46DE8}") = "Misc", "Misc", "{67253ACE-9FFB-4737-BE5A-08E1FCAE39BC}"
EndProject
Project("{2150E333-8FDC-42A3-9474-1A3956D46DE8}") = "Presistence", "Presistence", "{11125A8E-FACF-459C-B7FC-FDEC1DC82521}"
EndProject
Project("{FAE04EC0-301F-11D3-BF4B-00C04F79EFBC}") = "BuySomething.Domain", "BuySomething.Domain\BuySomething.Domain.csproj", "{83A3F011-89F4-4768-9EAD-226DD405B665}"
EndProject
Project("{FAE04EC0-301F-11D3-BF4B-00C04F79EFBC}") = "BuySomething.Domain.Services", "BuySomething.Domain.Services\BuySomething.Domain.Services.csproj", "{72763997-8103-4031-8303-897E9A093824}"
EndProject
Project("{FAE04EC0-301F-11D3-BF4B-00C04F79EFBC}") = "BuySomething.Infatstructure", "BuySomething.Infatstructure\BuySomething.Infatstructure.csproj", "{8E4122FD-BD14-44BA-80F2-C52FA6971D08}"
EndProject
Project("{FAE04EC0-301F-11D3-BF4B-00C04F79EFBC}") = "BuySomething.Presistence", "BuySomething.Presistence\BuySomething.Presistence.csproj", "{5C4E2408-C515-4954-B098-707229DB6F47}"
EndProject
Project("{2150E333-8FDC-42A3-9474-1A3956D46DE8}") = "Application Layer", "Application Layer", "{4B811A59-373A-475A-BD46-DA6F65528A51}"
EndProject
Project("{2150E333-8FDC-42A3-9474-1A3956D46DE8}") = "Presentetion Layer", "Presentetion Layer", "{466CBF2B-2A08-409E-8590-9122CA18B75D}"
EndProject
Project("{FAE04EC0-301F-11D3-BF4B-00C04F79EFBC}") = "BuySomething.Application", "BuySomething.Application\BuySomething.Application.csproj", "{35AEEB81-7847-44AB-AB4A-2BB3D931F4AD}"
EndProject
Global
	GlobalSection(SolutionConfigurationPlatforms) = preSolution
		Debug|Any CPU = Debug|Any CPU
		Release|Any CPU = Release|Any CPU
	EndGlobalSection
	GlobalSection(ProjectConfigurationPlatforms) = postSolution
		{83A3F011-89F4-4768-9EAD-226DD405B665}.Debug|Any CPU.ActiveCfg = Debug|Any CPU
		{83A3F011-89F4-4768-9EAD-226DD405B665}.Debug|Any CPU.Build.0 = Debug|Any CPU
		{83A3F011-89F4-4768-9EAD-226DD405B665}.Release|Any CPU.ActiveCfg = Release|Any CPU
		{83A3F011-89F4-4768-9EAD-226DD405B665}.Release|Any CPU.Build.0 = Release|Any CPU
		{72763997-8103-4031-8303-897E9A093824}.Debug|Any CPU.ActiveCfg = Debug|Any CPU
		{72763997-8103-4031-8303-897E9A093824}.Debug|Any CPU.Build.0 = Debug|Any CPU
		{72763997-8103-4031-8303-897E9A093824}.Release|Any CPU.ActiveCfg = Release|Any CPU
		{72763997-8103-4031-8303-897E9A093824}.Release|Any CPU.Build.0 = Release|Any CPU
		{8E4122FD-BD14-44BA-80F2-C52FA6971D08}.Debug|Any CPU.ActiveCfg = Debug|Any CPU
		{8E4122FD-BD14-44BA-80F2-C52FA6971D08}.Debug|Any CPU.Build.0 = Debug|Any CPU
		{8E4122FD-BD14-44BA-80F2-C52FA6971D08}.Release|Any CPU.ActiveCfg = Release|Any CPU
		{8E4122FD-BD14-44BA-80F2-C52FA6971D08}.Release|Any CPU.Build.0 = Release|Any CPU
		{5C4E2408-C515-4954-B098-707229DB6F47}.Debug|Any CPU.ActiveCfg = Debug|Any CPU
		{5C4E2408-C515-4954-B098-707229DB6F47}.Debug|Any CPU.Build.0 = Debug|Any CPU
		{5C4E2408-C515-4954-B098-707229DB6F47}.Release|Any CPU.ActiveCfg = Release|Any CPU
		{5C4E2408-C515-4954-B098-707229DB6F47}.Release|Any CPU.Build.0 = Release|Any CPU
		{35AEEB81-7847-44AB-AB4A-2BB3D931F4AD}.Debug|Any CPU.ActiveCfg = Debug|Any CPU
		{35AEEB81-7847-44AB-AB4A-2BB3D931F4AD}.Debug|Any CPU.Build.0 = Debug|Any CPU
		{35AEEB81-7847-44AB-AB4A-2BB3D931F4AD}.Release|Any CPU.ActiveCfg = Release|Any CPU
		{35AEEB81-7847-44AB-AB4A-2BB3D931F4AD}.Release|Any CPU.Build.0 = Release|Any CPU
	EndGlobalSection
	GlobalSection(SolutionProperties) = preSolution
		HideSolutionNode = FALSE
	EndGlobalSection
	GlobalSection(NestedProjects) = preSolution
		{67253ACE-9FFB-4737-BE5A-08E1FCAE39BC} = {F00F171F-9D99-4509-B2E2-A52B43F92C27}
		{11125A8E-FACF-459C-B7FC-FDEC1DC82521} = {F00F171F-9D99-4509-B2E2-A52B43F92C27}
		{83A3F011-89F4-4768-9EAD-226DD405B665} = {D26D41B1-AA9C-4CAE-AF11-646C32B201E2}
		{72763997-8103-4031-8303-897E9A093824} = {D26D41B1-AA9C-4CAE-AF11-646C32B201E2}
		{8E4122FD-BD14-44BA-80F2-C52FA6971D08} = {67253ACE-9FFB-4737-BE5A-08E1FCAE39BC}
		{5C4E2408-C515-4954-B098-707229DB6F47} = {11125A8E-FACF-459C-B7FC-FDEC1DC82521}
		{4B811A59-373A-475A-BD46-DA6F65528A51} = {5224C800-46DB-4366-BD1C-32B59DDB88E9}
		{466CBF2B-2A08-409E-8590-9122CA18B75D} = {5224C800-46DB-4366-BD1C-32B59DDB88E9}
		{35AEEB81-7847-44AB-AB4A-2BB3D931F4AD} = {4B811A59-373A-475A-BD46-DA6F65528A51}
	EndGlobalSection
EndGlobal
